
Microsoft Visual Studio Solution File, Format Version 12.00
# Visual Studio Version 16
VisualStudioVersion = 16.0.29920.165
MinimumVisualStudioVersion = 10.0.40219.1
Project("{FAE04EC0-301F-11D3-BF4B-00C04F79EFBC}") = "Dice", "Dice\Dice.csproj", "{C70BBD5A-361F-4176-82FD-04341064E42A}"
EndProject
Global
	GlobalSection(SolutionConfigurationPlatforms) = preSolution
		Debug|Any CPU = Debug|Any CPU
		Release|Any CPU = Release|Any CPU
	EndGlobalSection
	GlobalSection(ProjectConfigurationPlatforms) = postSolution
		{C70BBD5A-361F-4176-82FD-04341064E42A}.Debug|Any CPU.ActiveCfg = Debug|Any CPU
		{C70BBD5A-361F-4176-82FD-04341064E42A}.Debug|Any CPU.Build.0 = Debug|Any CPU
		{C70BBD5A-361F-4176-82FD-04341064E42A}.Release|Any CPU.ActiveCfg = Release|Any CPU
		{C70BBD5A-361F-4176-82FD-04341064E42A}.Release|Any CPU.Build.0 = Release|Any CPU
	EndGlobalSection
	GlobalSection(SolutionProperties) = preSolution
		HideSolutionNode = FALSE
	EndGlobalSection
	GlobalSection(ExtensibilityGlobals) = postSolution
		SolutionGuid = {491A5FE2-7108-441D-B0D2-EC7F09B6F446}
	EndGlobalSection
EndGlobal
